lockfileVersion: '9.0'

settings:
  autoInstallPeers: true
  excludeLinksFromLockfile: false

importers:

  .:
    dependencies:
      '@radix-ui/react-aspect-ratio':
        specifier: ^1.1.0
        version: 1.1.1(react-dom@19.0.0(react@19.0.0))(react@19.0.0)
      '@radix-ui/react-avatar':
        specifier: ^1.1.1
        version: 1.1.2(react-dom@19.0.0(react@19.0.0))(react@19.0.0)
      '@radix-ui/react-checkbox':
        specifier: ^1.1.2
        version: 1.1.3(react-dom@19.0.0(react@19.0.0))(react@19.0.0)
      '@radix-ui/react-dialog':
        specifier: ^1.1.2
        version: 1.1.4(react-dom@19.0.0(react@19.0.0))(react@19.0.0)
      '@radix-ui/react-label':
        specifier: ^2.1.1
        version: 2.1.1(react-dom@19.0.0(react@19.0.0))(react@19.0.0)
      '@radix-ui/react-progress':
        specifier: ^1.1.0
        version: 1.1.1(react-dom@19.0.0(react@19.0.0))(react@19.0.0)
      '@radix-ui/react-scroll-area':
        specifier: ^1.2.1
        version: 1.2.2(react-dom@19.0.0(react@19.0.0))(react@19.0.0)
      '@radix-ui/react-separator':
        specifier: ^1.1.0
        version: 1.1.1(react-dom@19.0.0(react@19.0.0))(react@19.0.0)
      '@radix-ui/react-slot':
        specifier: ^1.1.0
        version: 1.1.1(react@19.0.0)
      '@radix-ui/react-tooltip':
        specifier: ^1.1.4
        version: 1.1.6(react-dom@19.0.0(react@19.0.0))(react@19.0.0)
      class-variance-authority:
        specifier: ^0.7.1
        version: 0.7.1
      clsx:
        specifier: ^2.1.1
        version: 2.1.1
      lucide-react:
        specifier: ^0.471.0
        version: 0.471.0(react@19.0.0)
      tailwind-merge:
        specifier: ^2.6.0
        version: 2.6.0
      tailwindcss-animate:
        specifier: ^1.0.7
        version: 1.0.7

packages:

  '@floating-ui/core@1.6.8':
    resolution: {integrity: sha512-7XJ9cPU+yI2QeLS+FCSlqNFZJq8arvswefkZrYI1yQBbftw6FyrZOxYSh+9S7z7TpeWlRt9zJ5IhM1WIL334jA==}

  '@floating-ui/dom@1.6.12':
    resolution: {integrity: sha512-NP83c0HjokcGVEMeoStg317VD9W7eDlGK7457dMBANbKA6GJZdc7rjujdgqzTaz93jkGgc5P/jeWbaCHnMNc+w==}

  '@floating-ui/react-dom@2.1.2':
    resolution: {integrity: sha512-06okr5cgPzMNBy+Ycse2A6udMi4bqwW/zgBF/rwjcNqWkyr82Mcg8b0vjX8OJpZFy/FKjJmw6wV7t44kK6kW7A==}
    peerDependencies:
      react: '>=16.8.0'
      react-dom: '>=16.8.0'

  '@floating-ui/utils@0.2.8':
    resolution: {integrity: sha512-kym7SodPp8/wloecOpcmSnWJsK7M0E5Wg8UcFA+uO4B9s5d0ywXOEro/8HM9x0rW+TljRzul/14UYz3TleT3ig==}

  '@radix-ui/number@1.1.0':
    resolution: {integrity: sha512-V3gRzhVNU1ldS5XhAPTom1fOIo4ccrjjJgmE+LI2h/WaFpHmx0MQApT+KZHnx8abG6Avtfcz4WoEciMnpFT3HQ==}

  '@radix-ui/primitive@1.1.1':
    resolution: {integrity: sha512-SJ31y+Q/zAyShtXJc8x83i9TYdbAfHZ++tUZnvjJJqFjzsdUnKsxPL6IEtBlxKkU7yzer//GQtZSV4GbldL3YA==}

  '@radix-ui/react-arrow@1.1.1':
    resolution: {integrity: sha512-NaVpZfmv8SKeZbn4ijN2V3jlHA9ngBG16VnIIm22nUR0Yk8KUALyBxT3KYEUnNuch9sTE8UTsS3whzBgKOL30w==}
    peerDependencies:
      '@types/react': '*'
      '@types/react-dom': '*'
      react: ^16.8 || ^17.0 || ^18.0 || ^19.0 || ^19.0.0-rc
      react-dom: ^16.8 || ^17.0 || ^18.0 || ^19.0 || ^19.0.0-rc
    peerDependenciesMeta:
      '@types/react':
        optional: true
      '@types/react-dom':
        optional: true

  '@radix-ui/react-aspect-ratio@1.1.1':
    resolution: {integrity: sha512-kNU4FIpcFMBLkOUcgeIteH06/8JLBcYY6Le1iKenDGCYNYFX3TQqCZjzkOsz37h7r94/99GTb7YhEr98ZBJibw==}
    peerDependencies:
      '@types/react': '*'
      '@types/react-dom': '*'
      react: ^16.8 || ^17.0 || ^18.0 || ^19.0 || ^19.0.0-rc
      react-dom: ^16.8 || ^17.0 || ^18.0 || ^19.0 || ^19.0.0-rc
    peerDependenciesMeta:
      '@types/react':
        optional: true
      '@types/react-dom':
        optional: true

  '@radix-ui/react-avatar@1.1.2':
    resolution: {integrity: sha512-GaC7bXQZ5VgZvVvsJ5mu/AEbjYLnhhkoidOboC50Z6FFlLA03wG2ianUoH+zgDQ31/9gCF59bE4+2bBgTyMiig==}
    peerDependencies:
      '@types/react': '*'
      '@types/react-dom': '*'
      react: ^16.8 || ^17.0 || ^18.0 || ^19.0 || ^19.0.0-rc
      react-dom: ^16.8 || ^17.0 || ^18.0 || ^19.0 || ^19.0.0-rc
    peerDependenciesMeta:
      '@types/react':
        optional: true
      '@types/react-dom':
        optional: true

  '@radix-ui/react-checkbox@1.1.3':
    resolution: {integrity: sha512-HD7/ocp8f1B3e6OHygH0n7ZKjONkhciy1Nh0yuBgObqThc3oyx+vuMfFHKAknXRHHWVE9XvXStxJFyjUmB8PIw==}
    peerDependencies:
      '@types/react': '*'
      '@types/react-dom': '*'
      react: ^16.8 || ^17.0 || ^18.0 || ^19.0 || ^19.0.0-rc
      react-dom: ^16.8 || ^17.0 || ^18.0 || ^19.0 || ^19.0.0-rc
    peerDependenciesMeta:
      '@types/react':
        optional: true
      '@types/react-dom':
        optional: true

  '@radix-ui/react-compose-refs@1.1.1':
    resolution: {integrity: sha512-Y9VzoRDSJtgFMUCoiZBDVo084VQ5hfpXxVE+NgkdNsjiDBByiImMZKKhxMwCbdHvhlENG6a833CbFkOQvTricw==}
    peerDependencies:
      '@types/react': '*'
      react: ^16.8 || ^17.0 || ^18.0 || ^19.0 || ^19.0.0-rc
    peerDependenciesMeta:
      '@types/react':
        optional: true

  '@radix-ui/react-context@1.1.1':
    resolution: {integrity: sha512-UASk9zi+crv9WteK/NU4PLvOoL3OuE6BWVKNF6hPRBtYBDXQ2u5iu3O59zUlJiTVvkyuycnqrztsHVJwcK9K+Q==}
    peerDependencies:
      '@types/react': '*'
      react: ^16.8 || ^17.0 || ^18.0 || ^19.0 || ^19.0.0-rc
    peerDependenciesMeta:
      '@types/react':
        optional: true

  '@radix-ui/react-dialog@1.1.4':
    resolution: {integrity: sha512-Ur7EV1IwQGCyaAuyDRiOLA5JIUZxELJljF+MbM/2NC0BYwfuRrbpS30BiQBJrVruscgUkieKkqXYDOoByaxIoA==}
    peerDependencies:
      '@types/react': '*'
      '@types/react-dom': '*'
      react: ^16.8 || ^17.0 || ^18.0 || ^19.0 || ^19.0.0-rc
      react-dom: ^16.8 || ^17.0 || ^18.0 || ^19.0 || ^19.0.0-rc
    peerDependenciesMeta:
      '@types/react':
        optional: true
      '@types/react-dom':
        optional: true

  '@radix-ui/react-direction@1.1.0':
    resolution: {integrity: sha512-BUuBvgThEiAXh2DWu93XsT+a3aWrGqolGlqqw5VU1kG7p/ZH2cuDlM1sRLNnY3QcBS69UIz2mcKhMxDsdewhjg==}
    peerDependencies:
      '@types/react': '*'
      react: ^16.8 || ^17.0 || ^18.0 || ^19.0 || ^19.0.0-rc
    peerDependenciesMeta:
      '@types/react':
        optional: true

  '@radix-ui/react-dismissable-layer@1.1.3':
    resolution: {integrity: sha512-onrWn/72lQoEucDmJnr8uczSNTujT0vJnA/X5+3AkChVPowr8n1yvIKIabhWyMQeMvvmdpsvcyDqx3X1LEXCPg==}
    peerDependencies:
      '@types/react': '*'
      '@types/react-dom': '*'
      react: ^16.8 || ^17.0 || ^18.0 || ^19.0 || ^19.0.0-rc
      react-dom: ^16.8 || ^17.0 || ^18.0 || ^19.0 || ^19.0.0-rc
    peerDependenciesMeta:
      '@types/react':
        optional: true
      '@types/react-dom':
        optional: true

  '@radix-ui/react-focus-guards@1.1.1':
    resolution: {integrity: sha512-pSIwfrT1a6sIoDASCSpFwOasEwKTZWDw/iBdtnqKO7v6FeOzYJ7U53cPzYFVR3geGGXgVHaH+CdngrrAzqUGxg==}
    peerDependencies:
      '@types/react': '*'
      react: ^16.8 || ^17.0 || ^18.0 || ^19.0 || ^19.0.0-rc
    peerDependenciesMeta:
      '@types/react':
        optional: true

  '@radix-ui/react-focus-scope@1.1.1':
    resolution: {integrity: sha512-01omzJAYRxXdG2/he/+xy+c8a8gCydoQ1yOxnWNcRhrrBW5W+RQJ22EK1SaO8tb3WoUsuEw7mJjBozPzihDFjA==}
    peerDependencies:
      '@types/react': '*'
      '@types/react-dom': '*'
      react: ^16.8 || ^17.0 || ^18.0 || ^19.0 || ^19.0.0-rc
      react-dom: ^16.8 || ^17.0 || ^18.0 || ^19.0 || ^19.0.0-rc
    peerDependenciesMeta:
      '@types/react':
        optional: true
      '@types/react-dom':
        optional: true

  '@radix-ui/react-id@1.1.0':
    resolution: {integrity: sha512-EJUrI8yYh7WOjNOqpoJaf1jlFIH2LvtgAl+YcFqNCa+4hj64ZXmPkAKOFs/ukjz3byN6bdb/AVUqHkI8/uWWMA==}
    peerDependencies:
      '@types/react': '*'
      react: ^16.8 || ^17.0 || ^18.0 || ^19.0 || ^19.0.0-rc
    peerDependenciesMeta:
      '@types/react':
        optional: true

  '@radix-ui/react-label@2.1.1':
    resolution: {integrity: sha512-UUw5E4e/2+4kFMH7+YxORXGWggtY6sM8WIwh5RZchhLuUg2H1hc98Py+pr8HMz6rdaYrK2t296ZEjYLOCO5uUw==}
    peerDependencies:
      '@types/react': '*'
      '@types/react-dom': '*'
      react: ^16.8 || ^17.0 || ^18.0 || ^19.0 || ^19.0.0-rc
      react-dom: ^16.8 || ^17.0 || ^18.0 || ^19.0 || ^19.0.0-rc
    peerDependenciesMeta:
      '@types/react':
        optional: true
      '@types/react-dom':
        optional: true

  '@radix-ui/react-popper@1.2.1':
    resolution: {integrity: sha512-3kn5Me69L+jv82EKRuQCXdYyf1DqHwD2U/sxoNgBGCB7K9TRc3bQamQ+5EPM9EvyPdli0W41sROd+ZU1dTCztw==}
    peerDependencies:
      '@types/react': '*'
      '@types/react-dom': '*'
      react: ^16.8 || ^17.0 || ^18.0 || ^19.0 || ^19.0.0-rc
      react-dom: ^16.8 || ^17.0 || ^18.0 || ^19.0 || ^19.0.0-rc
    peerDependenciesMeta:
      '@types/react':
        optional: true
      '@types/react-dom':
        optional: true

  '@radix-ui/react-portal@1.1.3':
    resolution: {integrity: sha512-NciRqhXnGojhT93RPyDaMPfLH3ZSl4jjIFbZQ1b/vxvZEdHsBZ49wP9w8L3HzUQwep01LcWtkUvm0OVB5JAHTw==}
    peerDependencies:
      '@types/react': '*'
      '@types/react-dom': '*'
      react: ^16.8 || ^17.0 || ^18.0 || ^19.0 || ^19.0.0-rc
      react-dom: ^16.8 || ^17.0 || ^18.0 || ^19.0 || ^19.0.0-rc
    peerDependenciesMeta:
      '@types/react':
        optional: true
      '@types/react-dom':
        optional: true

  '@radix-ui/react-presence@1.1.2':
    resolution: {integrity: sha512-18TFr80t5EVgL9x1SwF/YGtfG+l0BS0PRAlCWBDoBEiDQjeKgnNZRVJp/oVBl24sr3Gbfwc/Qpj4OcWTQMsAEg==}
    peerDependencies:
      '@types/react': '*'
      '@types/react-dom': '*'
      react: ^16.8 || ^17.0 || ^18.0 || ^19.0 || ^19.0.0-rc
      react-dom: ^16.8 || ^17.0 || ^18.0 || ^19.0 || ^19.0.0-rc
    peerDependenciesMeta:
      '@types/react':
        optional: true
      '@types/react-dom':
        optional: true

  '@radix-ui/react-primitive@2.0.1':
    resolution: {integrity: sha512-sHCWTtxwNn3L3fH8qAfnF3WbUZycW93SM1j3NFDzXBiz8D6F5UTTy8G1+WFEaiCdvCVRJWj6N2R4Xq6HdiHmDg==}
    peerDependencies:
      '@types/react': '*'
      '@types/react-dom': '*'
      react: ^16.8 || ^17.0 || ^18.0 || ^19.0 || ^19.0.0-rc
      react-dom: ^16.8 || ^17.0 || ^18.0 || ^19.0 || ^19.0.0-rc
    peerDependenciesMeta:
      '@types/react':
        optional: true
      '@types/react-dom':
        optional: true

  '@radix-ui/react-progress@1.1.1':
    resolution: {integrity: sha512-6diOawA84f/eMxFHcWut0aE1C2kyE9dOyCTQOMRR2C/qPiXz/X0SaiA/RLbapQaXUCmy0/hLMf9meSccD1N0pA==}
    peerDependencies:
      '@types/react': '*'
      '@types/react-dom': '*'
      react: ^16.8 || ^17.0 || ^18.0 || ^19.0 || ^19.0.0-rc
      react-dom: ^16.8 || ^17.0 || ^18.0 || ^19.0 || ^19.0.0-rc
    peerDependenciesMeta:
      '@types/react':
        optional: true
      '@types/react-dom':
        optional: true

  '@radix-ui/react-scroll-area@1.2.2':
    resolution: {integrity: sha512-EFI1N/S3YxZEW/lJ/H1jY3njlvTd8tBmgKEn4GHi51+aMm94i6NmAJstsm5cu3yJwYqYc93gpCPm21FeAbFk6g==}
    peerDependencies:
      '@types/react': '*'
      '@types/react-dom': '*'
      react: ^16.8 || ^17.0 || ^18.0 || ^19.0 || ^19.0.0-rc
      react-dom: ^16.8 || ^17.0 || ^18.0 || ^19.0 || ^19.0.0-rc
    peerDependenciesMeta:
      '@types/react':
        optional: true
      '@types/react-dom':
        optional: true

  '@radix-ui/react-separator@1.1.1':
    resolution: {integrity: sha512-RRiNRSrD8iUiXriq/Y5n4/3iE8HzqgLHsusUSg5jVpU2+3tqcUFPJXHDymwEypunc2sWxDUS3UC+rkZRlHedsw==}
    peerDependencies:
      '@types/react': '*'
      '@types/react-dom': '*'
      react: ^16.8 || ^17.0 || ^18.0 || ^19.0 || ^19.0.0-rc
      react-dom: ^16.8 || ^17.0 || ^18.0 || ^19.0 || ^19.0.0-rc
    peerDependenciesMeta:
      '@types/react':
        optional: true
      '@types/react-dom':
        optional: true

  '@radix-ui/react-slot@1.1.1':
    resolution: {integrity: sha512-RApLLOcINYJA+dMVbOju7MYv1Mb2EBp2nH4HdDzXTSyaR5optlm6Otrz1euW3HbdOR8UmmFK06TD+A9frYWv+g==}
    peerDependencies:
      '@types/react': '*'
      react: ^16.8 || ^17.0 || ^18.0 || ^19.0 || ^19.0.0-rc
    peerDependenciesMeta:
      '@types/react':
        optional: true

  '@radix-ui/react-tooltip@1.1.6':
    resolution: {integrity: sha512-TLB5D8QLExS1uDn7+wH/bjEmRurNMTzNrtq7IjaS4kjion9NtzsTGkvR5+i7yc9q01Pi2KMM2cN3f8UG4IvvXA==}
    peerDependencies:
      '@types/react': '*'
      '@types/react-dom': '*'
      react: ^16.8 || ^17.0 || ^18.0 || ^19.0 || ^19.0.0-rc
      react-dom: ^16.8 || ^17.0 || ^18.0 || ^19.0 || ^19.0.0-rc
    peerDependenciesMeta:
      '@types/react':
        optional: true
      '@types/react-dom':
        optional: true

  '@radix-ui/react-use-callback-ref@1.1.0':
    resolution: {integrity: sha512-CasTfvsy+frcFkbXtSJ2Zu9JHpN8TYKxkgJGWbjiZhFivxaeW7rMeZt7QELGVLaYVfFMsKHjb7Ak0nMEe+2Vfw==}
    peerDependencies:
      '@types/react': '*'
      react: ^16.8 || ^17.0 || ^18.0 || ^19.0 || ^19.0.0-rc
    peerDependenciesMeta:
      '@types/react':
        optional: true

  '@radix-ui/react-use-controllable-state@1.1.0':
    resolution: {integrity: sha512-MtfMVJiSr2NjzS0Aa90NPTnvTSg6C/JLCV7ma0W6+OMV78vd8OyRpID+Ng9LxzsPbLeuBnWBA1Nq30AtBIDChw==}
    peerDependencies:
      '@types/react': '*'
      react: ^16.8 || ^17.0 || ^18.0 || ^19.0 || ^19.0.0-rc
    peerDependenciesMeta:
      '@types/react':
        optional: true

  '@radix-ui/react-use-escape-keydown@1.1.0':
    resolution: {integrity: sha512-L7vwWlR1kTTQ3oh7g1O0CBF3YCyyTj8NmhLR+phShpyA50HCfBFKVJTpshm9PzLiKmehsrQzTYTpX9HvmC9rhw==}
    peerDependencies:
      '@types/react': '*'
      react: ^16.8 || ^17.0 || ^18.0 || ^19.0 || ^19.0.0-rc
    peerDependenciesMeta:
      '@types/react':
        optional: true

  '@radix-ui/react-use-layout-effect@1.1.0':
    resolution: {integrity: sha512-+FPE0rOdziWSrH9athwI1R0HDVbWlEhd+FR+aSDk4uWGmSJ9Z54sdZVDQPZAinJhJXwfT+qnj969mCsT2gfm5w==}
    peerDependencies:
      '@types/react': '*'
      react: ^16.8 || ^17.0 || ^18.0 || ^19.0 || ^19.0.0-rc
    peerDependenciesMeta:
      '@types/react':
        optional: true

  '@radix-ui/react-use-previous@1.1.0':
    resolution: {integrity: sha512-Z/e78qg2YFnnXcW88A4JmTtm4ADckLno6F7OXotmkQfeuCVaKuYzqAATPhVzl3delXE7CxIV8shofPn3jPc5Og==}
    peerDependencies:
      '@types/react': '*'
      react: ^16.8 || ^17.0 || ^18.0 || ^19.0 || ^19.0.0-rc
    peerDependenciesMeta:
      '@types/react':
        optional: true

  '@radix-ui/react-use-rect@1.1.0':
    resolution: {integrity: sha512-0Fmkebhr6PiseyZlYAOtLS+nb7jLmpqTrJyv61Pe68MKYW6OWdRE2kI70TaYY27u7H0lajqM3hSMMLFq18Z7nQ==}
    peerDependencies:
      '@types/react': '*'
      react: ^16.8 || ^17.0 || ^18.0 || ^19.0 || ^19.0.0-rc
    peerDependenciesMeta:
      '@types/react':
        optional: true

  '@radix-ui/react-use-size@1.1.0':
    resolution: {integrity: sha512-XW3/vWuIXHa+2Uwcc2ABSfcCledmXhhQPlGbfcRXbiUQI5Icjcg19BGCZVKKInYbvUCut/ufbbLLPFC5cbb1hw==}
    peerDependencies:
      '@types/react': '*'
      react: ^16.8 || ^17.0 || ^18.0 || ^19.0 || ^19.0.0-rc
    peerDependenciesMeta:
      '@types/react':
        optional: true

  '@radix-ui/react-visually-hidden@1.1.1':
    resolution: {integrity: sha512-vVfA2IZ9q/J+gEamvj761Oq1FpWgCDaNOOIfbPVp2MVPLEomUr5+Vf7kJGwQ24YxZSlQVar7Bes8kyTo5Dshpg==}
    peerDependencies:
      '@types/react': '*'
      '@types/react-dom': '*'
      react: ^16.8 || ^17.0 || ^18.0 || ^19.0 || ^19.0.0-rc
      react-dom: ^16.8 || ^17.0 || ^18.0 || ^19.0 || ^19.0.0-rc
    peerDependenciesMeta:
      '@types/react':
        optional: true
      '@types/react-dom':
        optional: true

  '@radix-ui/rect@1.1.0':
    resolution: {integrity: sha512-A9+lCBZoaMJlVKcRBz2YByCG+Cp2t6nAnMnNba+XiWxnj6r4JUFqfsgwocMBZU9LPtdxC6wB56ySYpc7LQIoJg==}

  aria-hidden@1.2.4:
    resolution: {integrity: sha512-y+CcFFwelSXpLZk/7fMB2mUbGtX9lKycf1MWJ7CaTIERyitVlyQx6C+sxcROU2BAJ24OiZyK+8wj2i8AlBoS3A==}
    engines: {node: '>=10'}

  class-variance-authority@0.7.1:
    resolution: {integrity: sha512-Ka+9Trutv7G8M6WT6SeiRWz792K5qEqIGEGzXKhAE6xOWAY6pPH8U+9IY3oCMv6kqTmLsv7Xh/2w2RigkePMsg==}

  clsx@2.1.1:
    resolution: {integrity: sha512-eYm0QWBtUrBWZWG0d386OGAw16Z995PiOVo2B7bjWSbHedGl5e0ZWaq65kOGgUSNesEIDkB9ISbTg/JK9dhCZA==}
    engines: {node: '>=6'}

  detect-node-es@1.1.0:
    resolution: {integrity: sha512-ypdmJU/TbBby2Dxibuv7ZLW3Bs1QEmM7nHjEANfohJLvE0XVujisn1qPJcZxg+qDucsr+bP6fLD1rPS3AhJ7EQ==}

  get-nonce@1.0.1:
    resolution: {integrity: sha512-FJhYRoDaiatfEkUK8HKlicmu/3SGFD51q3itKDGoSTysQJBnfOcxU5GxnhE1E6soB76MbT0MBtnKJuXyAx+96Q==}
    engines: {node: '>=6'}

  lucide-react@0.471.0:
    resolution: {integrity: sha512-3L0OOJClsKDETJGK7nABqW8ftaVmUjWzluzPpw/6dGdI1bOmzsLsCjZpAEpg24Xs/U7xdYveQU+CBkHxWy7MrA==}
    peerDependencies:
      react: ^16.5.1 || ^17.0.0 || ^18.0.0 || ^19.0.0

  react-dom@19.0.0:
    resolution: {integrity: sha512-4GV5sHFG0e/0AD4X+ySy6UJd3jVl1iNsNHdpad0qhABJ11twS3TTBnseqsKurKcsNqCEFeGL3uLpVChpIO3QfQ==}
    peerDependencies:
      react: ^19.0.0

  react-remove-scroll-bar@2.3.8:
    resolution: {integrity: sha512-9r+yi9+mgU33AKcj6IbT9oRCO78WriSj6t/cF8DWBZJ9aOGPOTEDvdUDz1FwKim7QXWwmHqtdHnRJfhAxEG46Q==}
    engines: {node: '>=10'}
    peerDependencies:
      '@types/react': '*'
      react: ^16.8.0 || ^17.0.0 || ^18.0.0 || ^19.0.0
    peerDependenciesMeta:
      '@types/react':
        optional: true

  react-remove-scroll@2.6.2:
    resolution: {integrity: sha512-KmONPx5fnlXYJQqC62Q+lwIeAk64ws/cUw6omIumRzMRPqgnYqhSSti99nbj0Ry13bv7dF+BKn7NB+OqkdZGTw==}
    engines: {node: '>=10'}
    peerDependencies:
      '@types/react': '*'
      react: ^16.8.0 || ^17.0.0 || ^18.0.0 || ^19.0.0 || ^19.0.0-rc
    peerDependenciesMeta:
      '@types/react':
        optional: true

  react-style-singleton@2.2.3:
    resolution: {integrity: sha512-b6jSvxvVnyptAiLjbkWLE/lOnR4lfTtDAl+eUC7RZy+QQWc6wRzIV2CE6xBuMmDxc2qIihtDCZD5NPOFl7fRBQ==}
    engines: {node: '>=10'}
    peerDependencies:
      '@types/react': '*'
      react: ^16.8.0 || ^17.0.0 || ^18.0.0 || ^19.0.0 || ^19.0.0-rc
    peerDependenciesMeta:
      '@types/react':
        optional: true

  react@19.0.0:
    resolution: {integrity: sha512-V8AVnmPIICiWpGfm6GLzCR/W5FXLchHop40W4nXBmdlEceh16rCN8O8LNWm5bh5XUX91fh7KpA+W0TgMKmgTpQ==}
    engines: {node: '>=0.10.0'}

  scheduler@0.25.0:
    resolution: {integrity: sha512-xFVuu11jh+xcO7JOAGJNOXld8/TcEHK/4CituBUeUb5hqxJLj9YuemAEuvm9gQ/+pgXYfbQuqAkiYu+u7YEsNA==}

  tailwind-merge@2.6.0:
    resolution: {integrity: sha512-P+Vu1qXfzediirmHOC3xKGAYeZtPcV9g76X+xg2FD4tYgR71ewMA35Y3sCz3zhiN/dwefRpJX0yBcgwi1fXNQA==}

  tailwindcss-animate@1.0.7:
    resolution: {integrity: sha512-bl6mpH3T7I3UFxuvDEXLxy/VuFxBk5bbzplh7tXI68mwMokNYd1t9qPBHlnyTwfa4JGC4zP516I1hYYtQ/vspA==}
    peerDependencies:
      tailwindcss: '>=3.0.0 || insiders'

  tslib@2.8.1:
    resolution: {integrity: sha512-oJFu94HQb+KVduSUQL7wnpmqnfmLsOA/nAh6b6EH0wCEoK0/mPeXU6c3wKDV83MkOuHPRHtSXKKU99IBazS/2w==}

  use-callback-ref@1.3.3:
    resolution: {integrity: sha512-jQL3lRnocaFtu3V00JToYz/4QkNWswxijDaCVNZRiRTO3HQDLsdu1ZtmIUvV4yPp+rvWm5j0y0TG/S61cuijTg==}
    engines: {node: '>=10'}
    peerDependencies:
      '@types/react': '*'
      react: ^16.8.0 || ^17.0.0 || ^18.0.0 || ^19.0.0 || ^19.0.0-rc
    peerDependenciesMeta:
      '@types/react':
        optional: true

  use-sidecar@1.1.3:
    resolution: {integrity: sha512-Fedw0aZvkhynoPYlA5WXrMCAMm+nSWdZt6lzJQ7Ok8S6Q+VsHmHpRWndVRJ8Be0ZbkfPc5LRYH+5XrzXcEeLRQ==}
    engines: {node: '>=10'}
    peerDependencies:
      '@types/react': '*'
      react: ^16.8.0 || ^17.0.0 || ^18.0.0 || ^19.0.0 || ^19.0.0-rc
    peerDependenciesMeta:
      '@types/react':
        optional: true

snapshots:

  '@floating-ui/core@1.6.8':
    dependencies:
      '@floating-ui/utils': 0.2.8

  '@floating-ui/dom@1.6.12':
    dependencies:
      '@floating-ui/core': 1.6.8
      '@floating-ui/utils': 0.2.8

  '@floating-ui/react-dom@2.1.2(react-dom@19.0.0(react@19.0.0))(react@19.0.0)':
    dependencies:
      '@floating-ui/dom': 1.6.12
      react: 19.0.0
      react-dom: 19.0.0(react@19.0.0)

  '@floating-ui/utils@0.2.8': {}

  '@radix-ui/number@1.1.0': {}

  '@radix-ui/primitive@1.1.1': {}

  '@radix-ui/react-arrow@1.1.1(react-dom@19.0.0(react@19.0.0))(react@19.0.0)':
    dependencies:
      '@radix-ui/react-primitive': 2.0.1(react-dom@19.0.0(react@19.0.0))(react@19.0.0)
      react: 19.0.0
      react-dom: 19.0.0(react@19.0.0)

  '@radix-ui/react-aspect-ratio@1.1.1(react-dom@19.0.0(react@19.0.0))(react@19.0.0)':
    dependencies:
      '@radix-ui/react-primitive': 2.0.1(react-dom@19.0.0(react@19.0.0))(react@19.0.0)
      react: 19.0.0
      react-dom: 19.0.0(react@19.0.0)

  '@radix-ui/react-avatar@1.1.2(react-dom@19.0.0(react@19.0.0))(react@19.0.0)':
    dependencies:
      '@radix-ui/react-context': 1.1.1(react@19.0.0)
      '@radix-ui/react-primitive': 2.0.1(react-dom@19.0.0(react@19.0.0))(react@19.0.0)
      '@radix-ui/react-use-callback-ref': 1.1.0(react@19.0.0)
      '@radix-ui/react-use-layout-effect': 1.1.0(react@19.0.0)
      react: 19.0.0
      react-dom: 19.0.0(react@19.0.0)

  '@radix-ui/react-checkbox@1.1.3(react-dom@19.0.0(react@19.0.0))(react@19.0.0)':
    dependencies:
      '@radix-ui/primitive': 1.1.1
      '@radix-ui/react-compose-refs': 1.1.1(react@19.0.0)
      '@radix-ui/react-context': 1.1.1(react@19.0.0)
      '@radix-ui/react-presence': 1.1.2(react-dom@19.0.0(react@19.0.0))(react@19.0.0)
      '@radix-ui/react-primitive': 2.0.1(react-dom@19.0.0(react@19.0.0))(react@19.0.0)
      '@radix-ui/react-use-controllable-state': 1.1.0(react@19.0.0)
      '@radix-ui/react-use-previous': 1.1.0(react@19.0.0)
      '@radix-ui/react-use-size': 1.1.0(react@19.0.0)
      react: 19.0.0
      react-dom: 19.0.0(react@19.0.0)

  '@radix-ui/react-compose-refs@1.1.1(react@19.0.0)':
    dependencies:
      react: 19.0.0

  '@radix-ui/react-context@1.1.1(react@19.0.0)':
    dependencies:
      react: 19.0.0

  '@radix-ui/react-dialog@1.1.4(react-dom@19.0.0(react@19.0.0))(react@19.0.0)':
    dependencies:
      '@radix-ui/primitive': 1.1.1
      '@radix-ui/react-compose-refs': 1.1.1(react@19.0.0)
      '@radix-ui/react-context': 1.1.1(react@19.0.0)
      '@radix-ui/react-dismissable-layer': 1.1.3(react-dom@19.0.0(react@19.0.0))(react@19.0.0)
      '@radix-ui/react-focus-guards': 1.1.1(react@19.0.0)
      '@radix-ui/react-focus-scope': 1.1.1(react-dom@19.0.0(react@19.0.0))(react@19.0.0)
      '@radix-ui/react-id': 1.1.0(react@19.0.0)
      '@radix-ui/react-portal': 1.1.3(react-dom@19.0.0(react@19.0.0))(react@19.0.0)
      '@radix-ui/react-presence': 1.1.2(react-dom@19.0.0(react@19.0.0))(react@19.0.0)
      '@radix-ui/react-primitive': 2.0.1(react-dom@19.0.0(react@19.0.0))(react@19.0.0)
      '@radix-ui/react-slot': 1.1.1(react@19.0.0)
      '@radix-ui/react-use-controllable-state': 1.1.0(react@19.0.0)
      aria-hidden: 1.2.4
      react: 19.0.0
      react-dom: 19.0.0(react@19.0.0)
      react-remove-scroll: 2.6.2(react@19.0.0)

  '@radix-ui/react-direction@1.1.0(react@19.0.0)':
    dependencies:
      react: 19.0.0

  '@radix-ui/react-dismissable-layer@1.1.3(react-dom@19.0.0(react@19.0.0))(react@19.0.0)':
    dependencies:
      '@radix-ui/primitive': 1.1.1
      '@radix-ui/react-compose-refs': 1.1.1(react@19.0.0)
      '@radix-ui/react-primitive': 2.0.1(react-dom@19.0.0(react@19.0.0))(react@19.0.0)
      '@radix-ui/react-use-callback-ref': 1.1.0(react@19.0.0)
      '@radix-ui/react-use-escape-keydown': 1.1.0(react@19.0.0)
      react: 19.0.0
      react-dom: 19.0.0(react@19.0.0)

  '@radix-ui/react-focus-guards@1.1.1(react@19.0.0)':
    dependencies:
      react: 19.0.0

  '@radix-ui/react-focus-scope@1.1.1(react-dom@19.0.0(react@19.0.0))(react@19.0.0)':
    dependencies:
      '@radix-ui/react-compose-refs': 1.1.1(react@19.0.0)
      '@radix-ui/react-primitive': 2.0.1(react-dom@19.0.0(react@19.0.0))(react@19.0.0)
      '@radix-ui/react-use-callback-ref': 1.1.0(react@19.0.0)
      react: 19.0.0
      react-dom: 19.0.0(react@19.0.0)

  '@radix-ui/react-id@1.1.0(react@19.0.0)':
    dependencies:
      '@radix-ui/react-use-layout-effect': 1.1.0(react@19.0.0)
      react: 19.0.0

  '@radix-ui/react-label@2.1.1(react-dom@19.0.0(react@19.0.0))(react@19.0.0)':
    dependencies:
      '@radix-ui/react-primitive': 2.0.1(react-dom@19.0.0(react@19.0.0))(react@19.0.0)
      react: 19.0.0
      react-dom: 19.0.0(react@19.0.0)

  '@radix-ui/react-popper@1.2.1(react-dom@19.0.0(react@19.0.0))(react@19.0.0)':
    dependencies:
      '@floating-ui/react-dom': 2.1.2(react-dom@19.0.0(react@19.0.0))(react@19.0.0)
      '@radix-ui/react-arrow': 1.1.1(react-dom@19.0.0(react@19.0.0))(react@19.0.0)
      '@radix-ui/react-compose-refs': 1.1.1(react@19.0.0)
      '@radix-ui/react-context': 1.1.1(react@19.0.0)
      '@radix-ui/react-primitive': 2.0.1(react-dom@19.0.0(react@19.0.0))(react@19.0.0)
      '@radix-ui/react-use-callback-ref': 1.1.0(react@19.0.0)
      '@radix-ui/react-use-layout-effect': 1.1.0(react@19.0.0)
      '@radix-ui/react-use-rect': 1.1.0(react@19.0.0)
      '@radix-ui/react-use-size': 1.1.0(react@19.0.0)
      '@radix-ui/rect': 1.1.0
      react: 19.0.0
      react-dom: 19.0.0(react@19.0.0)

  '@radix-ui/react-portal@1.1.3(react-dom@19.0.0(react@19.0.0))(react@19.0.0)':
    dependencies:
      '@radix-ui/react-primitive': 2.0.1(react-dom@19.0.0(react@19.0.0))(react@19.0.0)
      '@radix-ui/react-use-layout-effect': 1.1.0(react@19.0.0)
      react: 19.0.0
      react-dom: 19.0.0(react@19.0.0)

  '@radix-ui/react-presence@1.1.2(react-dom@19.0.0(react@19.0.0))(react@19.0.0)':
    dependencies:
      '@radix-ui/react-compose-refs': 1.1.1(react@19.0.0)
      '@radix-ui/react-use-layout-effect': 1.1.0(react@19.0.0)
      react: 19.0.0
      react-dom: 19.0.0(react@19.0.0)

  '@radix-ui/react-primitive@2.0.1(react-dom@19.0.0(react@19.0.0))(react@19.0.0)':
    dependencies:
      '@radix-ui/react-slot': 1.1.1(react@19.0.0)
      react: 19.0.0
      react-dom: 19.0.0(react@19.0.0)

  '@radix-ui/react-progress@1.1.1(react-dom@19.0.0(react@19.0.0))(react@19.0.0)':
    dependencies:
      '@radix-ui/react-context': 1.1.1(react@19.0.0)
      '@radix-ui/react-primitive': 2.0.1(react-dom@19.0.0(react@19.0.0))(react@19.0.0)
      react: 19.0.0
      react-dom: 19.0.0(react@19.0.0)

  '@radix-ui/react-scroll-area@1.2.2(react-dom@19.0.0(react@19.0.0))(react@19.0.0)':
    dependencies:
      '@radix-ui/number': 1.1.0
      '@radix-ui/primitive': 1.1.1
      '@radix-ui/react-compose-refs': 1.1.1(react@19.0.0)
      '@radix-ui/react-context': 1.1.1(react@19.0.0)
      '@radix-ui/react-direction': 1.1.0(react@19.0.0)
      '@radix-ui/react-presence': 1.1.2(react-dom@19.0.0(react@19.0.0))(react@19.0.0)
      '@radix-ui/react-primitive': 2.0.1(react-dom@19.0.0(react@19.0.0))(react@19.0.0)
      '@radix-ui/react-use-callback-ref': 1.1.0(react@19.0.0)
      '@radix-ui/react-use-layout-effect': 1.1.0(react@19.0.0)
      react: 19.0.0
      react-dom: 19.0.0(react@19.0.0)

  '@radix-ui/react-separator@1.1.1(react-dom@19.0.0(react@19.0.0))(react@19.0.0)':
    dependencies:
      '@radix-ui/react-primitive': 2.0.1(react-dom@19.0.0(react@19.0.0))(react@19.0.0)
      react: 19.0.0
      react-dom: 19.0.0(react@19.0.0)

  '@radix-ui/react-slot@1.1.1(react@19.0.0)':
    dependencies:
      '@radix-ui/react-compose-refs': 1.1.1(react@19.0.0)
      react: 19.0.0

  '@radix-ui/react-tooltip@1.1.6(react-dom@19.0.0(react@19.0.0))(react@19.0.0)':
    dependencies:
      '@radix-ui/primitive': 1.1.1
      '@radix-ui/react-compose-refs': 1.1.1(react@19.0.0)
      '@radix-ui/react-context': 1.1.1(react@19.0.0)
      '@radix-ui/react-dismissable-layer': 1.1.3(react-dom@19.0.0(react@19.0.0))(react@19.0.0)
      '@radix-ui/react-id': 1.1.0(react@19.0.0)
      '@radix-ui/react-popper': 1.2.1(react-dom@19.0.0(react@19.0.0))(react@19.0.0)
      '@radix-ui/react-portal': 1.1.3(react-dom@19.0.0(react@19.0.0))(react@19.0.0)
      '@radix-ui/react-presence': 1.1.2(react-dom@19.0.0(react@19.0.0))(react@19.0.0)
      '@radix-ui/react-primitive': 2.0.1(react-dom@19.0.0(react@19.0.0))(react@19.0.0)
      '@radix-ui/react-slot': 1.1.1(react@19.0.0)
      '@radix-ui/react-use-controllable-state': 1.1.0(react@19.0.0)
      '@radix-ui/react-visually-hidden': 1.1.1(react-dom@19.0.0(react@19.0.0))(react@19.0.0)
      react: 19.0.0
      react-dom: 19.0.0(react@19.0.0)

  '@radix-ui/react-use-callback-ref@1.1.0(react@19.0.0)':
    dependencies:
      react: 19.0.0

  '@radix-ui/react-use-controllable-state@1.1.0(react@19.0.0)':
    dependencies:
      '@radix-ui/react-use-callback-ref': 1.1.0(react@19.0.0)
      react: 19.0.0

  '@radix-ui/react-use-escape-keydown@1.1.0(react@19.0.0)':
    dependencies:
      '@radix-ui/react-use-callback-ref': 1.1.0(react@19.0.0)
      react: 19.0.0

  '@radix-ui/react-use-layout-effect@1.1.0(react@19.0.0)':
    dependencies:
      react: 19.0.0

  '@radix-ui/react-use-previous@1.1.0(react@19.0.0)':
    dependencies:
      react: 19.0.0

  '@radix-ui/react-use-rect@1.1.0(react@19.0.0)':
    dependencies:
      '@radix-ui/rect': 1.1.0
      react: 19.0.0

  '@radix-ui/react-use-size@1.1.0(react@19.0.0)':
    dependencies:
      '@radix-ui/react-use-layout-effect': 1.1.0(react@19.0.0)
      react: 19.0.0

  '@radix-ui/react-visually-hidden@1.1.1(react-dom@19.0.0(react@19.0.0))(react@19.0.0)':
    dependencies:
      '@radix-ui/react-primitive': 2.0.1(react-dom@19.0.0(react@19.0.0))(react@19.0.0)
      react: 19.0.0
      react-dom: 19.0.0(react@19.0.0)

  '@radix-ui/rect@1.1.0': {}

  aria-hidden@1.2.4:
    dependencies:
      tslib: 2.8.1

  class-variance-authority@0.7.1:
    dependencies:
      clsx: 2.1.1

  clsx@2.1.1: {}

  detect-node-es@1.1.0: {}

  get-nonce@1.0.1: {}

  lucide-react@0.471.0(react@19.0.0):
    dependencies:
      react: 19.0.0

  react-dom@19.0.0(react@19.0.0):
    dependencies:
      react: 19.0.0
      scheduler: 0.25.0

  react-remove-scroll-bar@2.3.8(react@19.0.0):
    dependencies:
      react: 19.0.0
      react-style-singleton: 2.2.3(react@19.0.0)
      tslib: 2.8.1

  react-remove-scroll@2.6.2(react@19.0.0):
    dependencies:
      react: 19.0.0
      react-remove-scroll-bar: 2.3.8(react@19.0.0)
      react-style-singleton: 2.2.3(react@19.0.0)
      tslib: 2.8.1
      use-callback-ref: 1.3.3(react@19.0.0)
      use-sidecar: 1.1.3(react@19.0.0)

  react-style-singleton@2.2.3(react@19.0.0):
    dependencies:
      get-nonce: 1.0.1
      react: 19.0.0
      tslib: 2.8.1

  react@19.0.0: {}

  scheduler@0.25.0: {}

  tailwind-merge@2.6.0: {}

  tailwindcss-animate@1.0.7: {}

  tslib@2.8.1: {}

  use-callback-ref@1.3.3(react@19.0.0):
    dependencies:
      react: 19.0.0
      tslib: 2.8.1

  use-sidecar@1.1.3(react@19.0.0):
    dependencies:
      detect-node-es: 1.1.0
      react: 19.0.0
      tslib: 2.8.1
